
Microsoft Visual Studio Solution File, Format Version 12.00
# Visual Studio Version 17
VisualStudioVersion = 17.10.35122.118
MinimumVisualStudioVersion = 10.0.40219.1
Project("{FAE04EC0-301F-11D3-BF4B-00C04F79EFBC}") = "MeowWoofSocial.Business", "MeowWoofSocial.Business\MeowWoofSocial.Business.csproj", "{FFBE36CB-19B0-4DE9-B337-7DFD7624BA9F}"
EndProject
Project("{FAE04EC0-301F-11D3-BF4B-00C04F79EFBC}") = "MeowWoofSocial.Data", "MeowWoofSocial.Data\MeowWoofSocial.Data.csproj", "{8094E359-609A-48F9-AFBE-5FC0E834EE5B}"
EndProject
Project("{FAE04EC0-301F-11D3-BF4B-00C04F79EFBC}") = "MeowWoofSocial.API", "MeowWoofSocial.API\MeowWoofSocial.API.csproj", "{C9B00D6B-3294-4228-BFB6-169779F935B4}"
EndProject
Global
	GlobalSection(SolutionConfigurationPlatforms) = preSolution
		Debug|Any CPU = Debug|Any CPU
		Release|Any CPU = Release|Any CPU
	EndGlobalSection
	GlobalSection(ProjectConfigurationPlatforms) = postSolution
		{FFBE36CB-19B0-4DE9-B337-7DFD7624BA9F}.Debug|Any CPU.ActiveCfg = Debug|Any CPU
		{FFBE36CB-19B0-4DE9-B337-7DFD7624BA9F}.Debug|Any CPU.Build.0 = Debug|Any CPU
		{FFBE36CB-19B0-4DE9-B337-7DFD7624BA9F}.Release|Any CPU.ActiveCfg = Release|Any CPU
		{FFBE36CB-19B0-4DE9-B337-7DFD7624BA9F}.Release|Any CPU.Build.0 = Release|Any CPU
		{8094E359-609A-48F9-AFBE-5FC0E834EE5B}.Debug|Any CPU.ActiveCfg = Debug|Any CPU
		{8094E359-609A-48F9-AFBE-5FC0E834EE5B}.Debug|Any CPU.Build.0 = Debug|Any CPU
		{8094E359-609A-48F9-AFBE-5FC0E834EE5B}.Release|Any CPU.ActiveCfg = Release|Any CPU
		{8094E359-609A-48F9-AFBE-5FC0E834EE5B}.Release|Any CPU.Build.0 = Release|Any CPU
		{C9B00D6B-3294-4228-BFB6-169779F935B4}.Debug|Any CPU.ActiveCfg = Debug|Any CPU
		{C9B00D6B-3294-4228-BFB6-169779F935B4}.Debug|Any CPU.Build.0 = Debug|Any CPU
		{C9B00D6B-3294-4228-BFB6-169779F935B4}.Release|Any CPU.ActiveCfg = Release|Any CPU
		{C9B00D6B-3294-4228-BFB6-169779F935B4}.Release|Any CPU.Build.0 = Release|Any CPU
	EndGlobalSection
	GlobalSection(SolutionProperties) = preSolution
		HideSolutionNode = FALSE
	EndGlobalSection
	GlobalSection(ExtensibilityGlobals) = postSolution
		SolutionGuid = {1538CD50-B7FD-4237-9CE0-A55093649575}
	EndGlobalSection
EndGlobal
